// !$*UTF8*$!
{
	archiveVersion = 1;
	classes = {
	};
	objectVersion = 77;
	objects = {

/* Begin PBXBuildFile section */
		07AE8F3F606D0338FF01D70C /* WebAppView.swift in Sources */ = {isa = PBXBuildFile; fileRef = EDE13728BB88DFD33A4702D5 /* WebAppView.swift */; };
		095E78C6B495E42F2CAE1D9F /* NativePrivacyAndRecoveryUITests.swift in Sources */ = {isa = PBXBuildFile; fileRef = EC4894AAD9C182B583B9750D /* NativePrivacyAndRecoveryUITests.swift */; };
		151FED507278E11C09B0FEB6 /* HungerApp.swift in Sources */ = {isa = PBXBuildFile; fileRef = 696A4F58E11658F79C01B40B /* HungerApp.swift */; };
		25E3CDA93C49F9C02AE40976 /* WebApp in Resources */ = {isa = PBXBuildFile; fileRef = 171B50D6B677DFCE6DDF903B /* WebApp */; };
		344BABA8A635767792ED50D5 /* NativeBridge.swift in Sources */ = {isa = PBXBuildFile; fileRef = E163D5A5F623DA49FD1C6C49 /* NativeBridge.swift */; };
		582C75C43A3AEC7F88AB655A /* NativeReminderUITests.swift in Sources */ = {isa = PBXBuildFile; fileRef = E078E13AF0F471B08F252654 /* NativeReminderUITests.swift */; };
		6894A3F306CDA3F744F3CA2D /* OfflineAssetSchemeHandler.swift in Sources */ = {isa = PBXBuildFile; fileRef = 137D9604EE777F89B09051E1 /* OfflineAssetSchemeHandler.swift */; };
		730D57B64E5F89E5DA3BB06B /* OfflineEventPersistenceUITests.swift in Sources */ = {isa = PBXBuildFile; fileRef = 5650725E5A0C21804D957826 /* OfflineEventPersistenceUITests.swift */; };
		7DFE925D0F5047CD8BCCF0BE /* WebAppController.swift in Sources */ = {isa = PBXBuildFile; fileRef = 3D34C6026A91A314EDBD770D /* WebAppController.swift */; };
		A69D5526AE089F02B8709AC6 /* NotificationCoordinatorTests.swift in Sources */ = {isa = PBXBuildFile; fileRef = 66BA4F8CB2F11B770459F130 /* NotificationCoordinatorTests.swift */; };
		AC48FD4CF79701D29B6D871D /* OfflineAssetTests.swift in Sources */ = {isa = PBXBuildFile; fileRef = 727D6CF79965B3FA7DD6B17D /* OfflineAssetTests.swift */; };
		B4FB59D13896A0FAA9651240 /* NotificationCoordinator.swift in Sources */ = {isa = PBXBuildFile; fileRef = 58EDCAA62A8608DB2C911331 /* NotificationCoordinator.swift */; };
		C72B7AA53A90C875CFE6F01F /* NativeBridgeTests.swift in Sources */ = {isa = PBXBuildFile; fileRef = D0DB75BDB61D9CC584E21938 /* NativeBridgeTests.swift */; };
		D1A1E2D2BBFAE0BF3AC2B094 /* ShareCoordinator.swift in Sources */ = {isa = PBXBuildFile; fileRef = 80459EAFA764C6EC4B5288C0 /* ShareCoordinator.swift */; };
		E53557290FA01FCCD5D995CF /* NavigationPolicy.swift in Sources */ = {isa = PBXBuildFile; fileRef = 8FEB9725A9AD6069AB91EE20 /* NavigationPolicy.swift */; };
		EB46671E1EB1EB14D3120FA1 /* PersistenceConstants.swift in Sources */ = {isa = PBXBuildFile; fileRef = 577602F759F5A2343F471C95 /* PersistenceConstants.swift */; };
		EE223BBCFE5110E4B578F186 /* NativeBridgeUITests.swift in Sources */ = {isa = PBXBuildFile; fileRef = 4DD9E5C7F6980888369A3F35 /* NativeBridgeUITests.swift */; };
		F1B69BEADA1D21E2F04407F9 /* ShareCoordinatorTests.swift in Sources */ = {isa = PBXBuildFile; fileRef = B63EC9F077FD2515E5C44BD1 /* ShareCoordinatorTests.swift */; };
		FC3AA6DD2503E67F426CB519 /* NativeExportUITests.swift in Sources */ = {isa = PBXBuildFile; fileRef = 0E1686C573E2A86FB521175D /* NativeExportUITests.swift */; };
/* End PBXBuildFile section */

/* Begin PBXContainerItemProxy section */
		BB9D4ED2F7E95D5C472FBE5D /* PBXContainerItemProxy */ = {
			isa = PBXContainerItemProxy;
			containerPortal = 9AE16DD0DF1703C17896B4E4 /* Project object */;
			proxyType = 1;
			remoteGlobalIDString = 033F49B711B24A7393705010;
			remoteInfo = Hunger;
		};
		E2C7ECAE42E2F8E58F5A3496 /* PBXContainerItemProxy */ = {
			isa = PBXContainerItemProxy;
			containerPortal = 9AE16DD0DF1703C17896B4E4 /* Project object */;
			proxyType = 1;
			remoteGlobalIDString = 033F49B711B24A7393705010;
			remoteInfo = Hunger;
		};
/* End PBXContainerItemProxy section */

/* Begin PBXFileReference section */
		0E1686C573E2A86FB521175D /* NativeExportUITests.swift */ = {isa = PBXFileReference; lastKnownFileType = sourcecode.swift; path = NativeExportUITests.swift; sourceTree = "<group>"; };
		137D9604EE777F89B09051E1 /* OfflineAssetSchemeHandler.swift */ = {isa = PBXFileReference; lastKnownFileType = sourcecode.swift; path = OfflineAssetSchemeHandler.swift; sourceTree = "<group>"; };
		171B50D6B677DFCE6DDF903B /* WebApp */ = {isa = PBXFileReference; lastKnownFileType = folder; name = WebApp; path = Hunger/Resources/WebApp; sourceTree = SOURCE_ROOT; };
		3D34C6026A91A314EDBD770D /* WebAppController.swift */ = {isa = PBXFileReference; lastKnownFileType = sourcecode.swift; path = WebAppController.swift; sourceTree = "<group>"; };
		448330F30F66E468C95D40EE /* Hunger.app */ = {isa = PBXFileReference; includeInIndex = 0; lastKnownFileType = wrapper.application; path = Hunger.app; sourceTree = BUILT_PRODUCTS_DIR; };
		4DD9E5C7F6980888369A3F35 /* NativeBridgeUITests.swift */ = {isa = PBXFileReference; lastKnownFileType = sourcecode.swift; path = NativeBridgeUITests.swift; sourceTree = "<group>"; };
		5650725E5A0C21804D957826 /* OfflineEventPersistenceUITests.swift */ = {isa = PBXFileReference; lastKnownFileType = sourcecode.swift; path = OfflineEventPersistenceUITests.swift; sourceTree = "<group>"; };
		577602F759F5A2343F471C95 /* PersistenceConstants.swift */ = {isa = PBXFileReference; lastKnownFileType = sourcecode.swift; path = PersistenceConstants.swift; sourceTree = "<group>"; };
		58EDCAA62A8608DB2C911331 /* NotificationCoordinator.swift */ = {isa = PBXFileReference; lastKnownFileType = sourcecode.swift; path = NotificationCoordinator.swift; sourceTree = "<group>"; };
		66BA4F8CB2F11B770459F130 /* NotificationCoordinatorTests.swift */ = {isa = PBXFileReference; lastKnownFileType = sourcecode.swift; path = NotificationCoordinatorTests.swift; sourceTree = "<group>"; };
		696A4F58E11658F79C01B40B /* HungerApp.swift */ = {isa = PBXFileReference; lastKnownFileType = sourcecode.swift; path = HungerApp.swift; sourceTree = "<group>"; };
		727D6CF79965B3FA7DD6B17D /* OfflineAssetTests.swift */ = {isa = PBXFileReference; lastKnownFileType = sourcecode.swift; path = OfflineAssetTests.swift; sourceTree = "<group>"; };
		80459EAFA764C6EC4B5288C0 /* ShareCoordinator.swift */ = {isa = PBXFileReference; lastKnownFileType = sourcecode.swift; path = ShareCoordinator.swift; sourceTree = "<group>"; };
		8FEB9725A9AD6069AB91EE20 /* NavigationPolicy.swift */ = {isa = PBXFileReference; lastKnownFileType = sourcecode.swift; path = NavigationPolicy.swift; sourceTree = "<group>"; };
		9E4BEFE817612E5358BFFA7F /* HungerTests.xctest */ = {isa = PBXFileReference; includeInIndex = 0; lastKnownFileType = wrapper.cfbundle; path = HungerTests.xctest; sourceTree = BUILT_PRODUCTS_DIR; };
		B63EC9F077FD2515E5C44BD1 /* ShareCoordinatorTests.swift */ = {isa = PBXFileReference; lastKnownFileType = sourcecode.swift; path = ShareCoordinatorTests.swift; sourceTree = "<group>"; };
		D0DB75BDB61D9CC584E21938 /* NativeBridgeTests.swift */ = {isa = PBXFileReference; lastKnownFileType = sourcecode.swift; path = NativeBridgeTests.swift; sourceTree = "<group>"; };
		E078E13AF0F471B08F252654 /* NativeReminderUITests.swift */ = {isa = PBXFileReference; lastKnownFileType = sourcecode.swift; path = NativeReminderUITests.swift; sourceTree = "<group>"; };
		E163D5A5F623DA49FD1C6C49 /* NativeBridge.swift */ = {isa = PBXFileReference; lastKnownFileType = sourcecode.swift; path = NativeBridge.swift; sourceTree = "<group>"; };
		EC4894AAD9C182B583B9750D /* NativePrivacyAndRecoveryUITests.swift */ = {isa = PBXFileReference; lastKnownFileType = sourcecode.swift; path = NativePrivacyAndRecoveryUITests.swift; sourceTree = "<group>"; };
		EDE13728BB88DFD33A4702D5 /* WebAppView.swift */ = {isa = PBXFileReference; lastKnownFileType = sourcecode.swift; path = WebAppView.swift; sourceTree = "<group>"; };
		F698B86F852F554637C4FDDB /* HungerUITests.xctest */ = {isa = PBXFileReference; includeInIndex = 0; lastKnownFileType = wrapper.cfbundle; path = HungerUITests.xctest; sourceTree = BUILT_PRODUCTS_DIR; };
/* End PBXFileReference section */

/* Begin PBXGroup section */
		25B594EB0F89647E837943F5 /* Products */ = {
			isa = PBXGroup;
			children = (
				448330F30F66E468C95D40EE /* Hunger.app */,
				9E4BEFE817612E5358BFFA7F /* HungerTests.xctest */,
				F698B86F852F554637C4FDDB /* HungerUITests.xctest */,
			);
			name = Products;
			sourceTree = "<group>";
		};
		336900380AC9D874EF416A31 /* Resources */ = {
			isa = PBXGroup;
			children = (
				171B50D6B677DFCE6DDF903B /* WebApp */,
			);
			path = Resources;
			sourceTree = "<group>";
		};
		4D4B127FEFBD8C70813FD63F /* Hunger */ = {
			isa = PBXGroup;
			children = (
				336900380AC9D874EF416A31 /* Resources */,
				696A4F58E11658F79C01B40B /* HungerApp.swift */,
				E163D5A5F623DA49FD1C6C49 /* NativeBridge.swift */,
				8FEB9725A9AD6069AB91EE20 /* NavigationPolicy.swift */,
				58EDCAA62A8608DB2C911331 /* NotificationCoordinator.swift */,
				137D9604EE777F89B09051E1 /* OfflineAssetSchemeHandler.swift */,
				577602F759F5A2343F471C95 /* PersistenceConstants.swift */,
				80459EAFA764C6EC4B5288C0 /* ShareCoordinator.swift */,
				3D34C6026A91A314EDBD770D /* WebAppController.swift */,
				EDE13728BB88DFD33A4702D5 /* WebAppView.swift */,
			);
			path = Hunger;
			sourceTree = "<group>";
		};
		6792FEFF831447501440379A /* HungerTests */ = {
			isa = PBXGroup;
			children = (
				D0DB75BDB61D9CC584E21938 /* NativeBridgeTests.swift */,
				66BA4F8CB2F11B770459F130 /* NotificationCoordinatorTests.swift */,
				727D6CF79965B3FA7DD6B17D /* OfflineAssetTests.swift */,
				B63EC9F077FD2515E5C44BD1 /* ShareCoordinatorTests.swift */,
			);
			path = HungerTests;
			sourceTree = "<group>";
		};
		72901DA38D14CD97CDC17EB2 = {
			isa = PBXGroup;
			children = (
				4D4B127FEFBD8C70813FD63F /* Hunger */,
				6792FEFF831447501440379A /* HungerTests */,
				EE4B68BC1A853D9BC302C368 /* HungerUITests */,
				25B594EB0F89647E837943F5 /* Products */,
			);
			sourceTree = "<group>";
		};
		EE4B68BC1A853D9BC302C368 /* HungerUITests */ = {
			isa = PBXGroup;
			children = (
				4DD9E5C7F6980888369A3F35 /* NativeBridgeUITests.swift */,
				0E1686C573E2A86FB521175D /* NativeExportUITests.swift */,
				EC4894AAD9C182B583B9750D /* NativePrivacyAndRecoveryUITests.swift */,
				E078E13AF0F471B08F252654 /* NativeReminderUITests.swift */,
				5650725E5A0C21804D957826 /* OfflineEventPersistenceUITests.swift */,
			);
			path = HungerUITests;
			sourceTree = "<group>";
		};
/* End PBXGroup section */

/* Begin PBXNativeTarget section */
		033F49B711B24A7393705010 /* Hunger */ = {
			isa = PBXNativeTarget;
			buildConfigurationList = 5A196CA2348375E492AE84BC /* Build configuration list for PBXNativeTarget "Hunger" */;
			buildPhases = (
				589109F22895F1A1BE33EA98 /* Sources */,
				8042DFD622563572B0FEE207 /* Resources */,
			);
			buildRules = (
			);
			dependencies = (
			);
			name = Hunger;
			packageProductDependencies = (
			);
			productName = Hunger;
			productReference = 448330F30F66E468C95D40EE /* Hunger.app */;
			productType = "com.apple.product-type.application";
		};
		B865110E28E2425B3FB41769 /* HungerTests */ = {
			isa = PBXNativeTarget;
			buildConfigurationList = 4F159DA68B166BA97BFCBC40 /* Build configuration list for PBXNativeTarget "HungerTests" */;
			buildPhases = (
				A11F5124A18DD75735A096AD /* Sources */,
			);
			buildRules = (
			);
			dependencies = (
				769AD12479C307FB8E181D8C /* PBXTargetDependency */,
			);
			name = HungerTests;
			packageProductDependencies = (
			);
			productName = HungerTests;
			productReference = 9E4BEFE817612E5358BFFA7F /* HungerTests.xctest */;
			productType = "com.apple.product-type.bundle.unit-test";
		};
		DB2A15F7E5DDD4A057AF3260 /* HungerUITests */ = {
			isa = PBXNativeTarget;
			buildConfigurationList = CDEA325113FBE82EC2BC91F2 /* Build configuration list for PBXNativeTarget "HungerUITests" */;
			buildPhases = (
				0B756EF1624E4A3FC9EA5FA1 /* Sources */,
			);
			buildRules = (
			);
			dependencies = (
				E2535BD9AD0184AC34F09485 /* PBXTargetDependency */,
			);
			name = HungerUITests;
			packageProductDependencies = (
			);
			productName = HungerUITests;
			productReference = F698B86F852F554637C4FDDB /* HungerUITests.xctest */;
			productType = "com.apple.product-type.bundle.ui-testing";
		};
/* End PBXNativeTarget section */

/* Begin PBXProject section */
		9AE16DD0DF1703C17896B4E4 /* Project object */ = {
			isa = PBXProject;
			attributes = {
				BuildIndependentTargetsInParallel = YES;
				LastUpgradeCheck = 1430;
				TargetAttributes = {
					033F49B711B24A7393705010 = {
						ProvisioningStyle = Automatic;
					};
					DB2A15F7E5DDD4A057AF3260 = {
						TestTargetID = 033F49B711B24A7393705010;
					};
				};
			};
			buildConfigurationList = 4751F1CC851712FCDA93C8EA /* Build configuration list for PBXProject "Hunger" */;
			compatibilityVersion = "Xcode 14.0";
			developmentRegion = en;
			hasScannedForEncodings = 0;
			knownRegions = (
				Base,
				en,
			);
			mainGroup = 72901DA38D14CD97CDC17EB2;
			minimizedProjectReferenceProxies = 1;
			preferredProjectObjectVersion = 77;
			projectDirPath = "";
			projectRoot = "";
			targets = (
				033F49B711B24A7393705010 /* Hunger */,
				B865110E28E2425B3FB41769 /* HungerTests */,
				DB2A15F7E5DDD4A057AF3260 /* HungerUITests */,
			);
		};
/* End PBXProject section */

/* Begin PBXResourcesBuildPhase section */
		8042DFD622563572B0FEE207 /* Resources */ = {
			isa = PBXResourcesBuildPhase;
			buildActionMask = 2147483647;
			files = (
				25E3CDA93C49F9C02AE40976 /* WebApp in Resources */,
			);
			runOnlyForDeploymentPostprocessing = 0;
		};
/* End PBXResourcesBuildPhase section */

/* Begin PBXSourcesBuildPhase section */
		0B756EF1624E4A3FC9EA5FA1 /* Sources */ = {
			isa = PBXSourcesBuildPhase;
			buildActionMask = 2147483647;
			files = (
				EE223BBCFE5110E4B578F186 /* NativeBridgeUITests.swift in Sources */,
				FC3AA6DD2503E67F426CB519 /* NativeExportUITests.swift in Sources */,
				095E78C6B495E42F2CAE1D9F /* NativePrivacyAndRecoveryUITests.swift in Sources */,
				582C75C43A3AEC7F88AB655A /* NativeReminderUITests.swift in Sources */,
				730D57B64E5F89E5DA3BB06B /* OfflineEventPersistenceUITests.swift in Sources */,
			);
			runOnlyForDeploymentPostprocessing = 0;
		};
		589109F22895F1A1BE33EA98 /* Sources */ = {
			isa = PBXSourcesBuildPhase;
			buildActionMask = 2147483647;
			files = (
				151FED507278E11C09B0FEB6 /* HungerApp.swift in Sources */,
				344BABA8A635767792ED50D5 /* NativeBridge.swift in Sources */,
				E53557290FA01FCCD5D995CF /* NavigationPolicy.swift in Sources */,
				B4FB59D13896A0FAA9651240 /* NotificationCoordinator.swift in Sources */,
				6894A3F306CDA3F744F3CA2D /* OfflineAssetSchemeHandler.swift in Sources */,
				EB46671E1EB1EB14D3120FA1 /* PersistenceConstants.swift in Sources */,
				D1A1E2D2BBFAE0BF3AC2B094 /* ShareCoordinator.swift in Sources */,
				7DFE925D0F5047CD8BCCF0BE /* WebAppController.swift in Sources */,
				07AE8F3F606D0338FF01D70C /* WebAppView.swift in Sources */,
			);
			runOnlyForDeploymentPostprocessing = 0;
		};
		A11F5124A18DD75735A096AD /* Sources */ = {
			isa = PBXSourcesBuildPhase;
			buildActionMask = 2147483647;
			files = (
				C72B7AA53A90C875CFE6F01F /* NativeBridgeTests.swift in Sources */,
				A69D5526AE089F02B8709AC6 /* NotificationCoordinatorTests.swift in Sources */,
				AC48FD4CF79701D29B6D871D /* OfflineAssetTests.swift in Sources */,
				F1B69BEADA1D21E2F04407F9 /* ShareCoordinatorTests.swift in Sources */,
			);
			runOnlyForDeploymentPostprocessing = 0;
		};
/* End PBXSourcesBuildPhase section */

/* Begin PBXTargetDependency section */
		769AD12479C307FB8E181D8C /* PBXTargetDependency */ = {
			isa = PBXTargetDependency;
			target = 033F49B711B24A7393705010 /* Hunger */;
			targetProxy = E2C7ECAE42E2F8E58F5A3496 /* PBXContainerItemProxy */;
		};
		E2535BD9AD0184AC34F09485 /* PBXTargetDependency */ = {
			isa = PBXTargetDependency;
			target = 033F49B711B24A7393705010 /* Hunger */;
			targetProxy = BB9D4ED2F7E95D5C472FBE5D /* PBXContainerItemProxy */;
		};
/* End PBXTargetDependency section */

/* Begin XCBuildConfiguration section */
		3035F4F33BFDDF030EBCE1EA /* Debug */ = {
			isa = XCBuildConfiguration;
			buildSettings = {
				BUNDLE_LOADER = "$(TEST_HOST)";
				GENERATE_INFOPLIST_FILE = YES;
				LD_RUNPATH_SEARCH_PATHS = (
					"$(inherited)",
					"@executable_path/Frameworks",
					"@loader_path/Frameworks",
				);
				PRODUCT_BUNDLE_IDENTIFIER = com.anicolao.hunger.uitests;
				SDKROOT = iphoneos;
				TARGETED_DEVICE_FAMILY = "1,2";
				TEST_TARGET_NAME = Hunger;
			};
			name = Debug;
		};
		49024A3194657C6C87DCCB12 /* Release */ = {
			isa = XCBuildConfiguration;
			buildSettings = {
				ALWAYS_SEARCH_USER_PATHS = NO;
				CLANG_ANALYZER_NONNULL = YES;
				CLANG_ANALYZER_NUMBER_OBJECT_CONVERSION = YES_AGGRESSIVE;
				CLANG_CXX_LANGUAGE_STANDARD = "gnu++14";
				CLANG_CXX_LIBRARY = "libc++";
				CLANG_ENABLE_MODULES = YES;
				CLANG_ENABLE_OBJC_ARC = YES;
				CLANG_ENABLE_OBJC_WEAK = YES;
				CLANG_WARN_BLOCK_CAPTURE_AUTORELEASING = YES;
				CLANG_WARN_BOOL_CONVERSION = YES;
				CLANG_WARN_COMMA = YES;
				CLANG_WARN_CONSTANT_CONVERSION = YES;
				CLANG_WARN_DEPRECATED_OBJC_IMPLEMENTATIONS = YES;
				CLANG_WARN_DIRECT_OBJC_ISA_USAGE = YES_ERROR;
				CLANG_WARN_DOCUMENTATION_COMMENTS = YES;
				CLANG_WARN_EMPTY_BODY = YES;
				CLANG_WARN_ENUM_CONVERSION = YES;
				CLANG_WARN_INFINITE_RECURSION = YES;
				CLANG_WARN_INT_CONVERSION = YES;
				CLANG_WARN_NON_LITERAL_NULL_CONVERSION = YES;
				CLANG_WARN_OBJC_IMPLICIT_RETAIN_SELF = YES;
				CLANG_WARN_OBJC_LITERAL_CONVERSION = YES;
				CLANG_WARN_OBJC_ROOT_CLASS = YES_ERROR;
				CLANG_WARN_QUOTED_INCLUDE_IN_FRAMEWORK_HEADER = YES;
				CLANG_WARN_RANGE_LOOP_ANALYSIS = YES;
				CLANG_WARN_STRICT_PROTOTYPES = YES;
				CLANG_WARN_SUSPICIOUS_MOVE = YES;
				CLANG_WARN_UNGUARDED_AVAILABILITY = YES_AGGRESSIVE;
				CLANG_WARN_UNREACHABLE_CODE = YES;
				CLANG_WARN__DUPLICATE_METHOD_MATCH = YES;
				COPY_PHASE_STRIP = NO;
				CURRENT_PROJECT_VERSION = 1;
				DEBUG_INFORMATION_FORMAT = "dwarf-with-dsym";
				ENABLE_NS_ASSERTIONS = NO;
				ENABLE_STRICT_OBJC_MSGSEND = YES;
				GCC_C_LANGUAGE_STANDARD = gnu11;
				GCC_NO_COMMON_BLOCKS = YES;
				GCC_WARN_64_TO_32_BIT_CONVERSION = YES;
				GCC_WARN_ABOUT_RETURN_TYPE = YES_ERROR;
				GCC_WARN_UNDECLARED_SELECTOR = YES;
				GCC_WARN_UNINITIALIZED_AUTOS = YES_AGGRESSIVE;
				GCC_WARN_UNUSED_FUNCTION = YES;
				GCC_WARN_UNUSED_VARIABLE = YES;
				IPHONEOS_DEPLOYMENT_TARGET = 17.0;
				MARKETING_VERSION = 0.1.0;
				MTL_ENABLE_DEBUG_INFO = NO;
				MTL_FAST_MATH = YES;
				PRODUCT_NAME = "$(TARGET_NAME)";
				SDKROOT = iphoneos;
				SWIFT_COMPILATION_MODE = wholemodule;
				SWIFT_OPTIMIZATION_LEVEL = "-O";
				SWIFT_STRICT_CONCURRENCY = targeted;
				SWIFT_VERSION = 6.0;
				TARGETED_DEVICE_FAMILY = "1,2";
			};
			name = Release;
		};
		7137360F86BD286C441953BB /* Debug */ = {
			isa = XCBuildConfiguration;
			buildSettings = {
				ASSETCATALOG_COMPILER_APPICON_NAME = AppIcon;
				CODE_SIGN_IDENTITY = "iPhone Developer";
				CODE_SIGN_STYLE = Automatic;
				DEVELOPMENT_ASSET_PATHS = "";
				GENERATE_INFOPLIST_FILE = YES;
				INFOPLIST_KEY_CFBundleDisplayName = "Learn Your Appetite";
				INFOPLIST_KEY_LSApplicationCategoryType = "public.app-category.healthcare-fitness";
				INFOPLIST_KEY_UIApplicationSceneManifest_Generation = YES;
				INFOPLIST_KEY_UIApplicationSupportsIndirectInputEvents = YES;
				INFOPLIST_KEY_UILaunchScreen_Generation = YES;
				INFOPLIST_KEY_UISupportedInterfaceOrientations_iPad = "UIInterfaceOrientationPortrait UIInterfaceOrientationLandscapeLeft UIInterfaceOrientationLandscapeRight";
				INFOPLIST_KEY_UISupportedInterfaceOrientations_iPhone = UIInterfaceOrientationPortrait;
				LD_RUNPATH_SEARCH_PATHS = (
					"$(inherited)",
					"@executable_path/Frameworks",
				);
				PRODUCT_BUNDLE_IDENTIFIER = com.anicolao.hunger;
				PRODUCT_MODULE_NAME = Hunger;
				PRODUCT_NAME = Hunger;
				SDKROOT = iphoneos;
				TARGETED_DEVICE_FAMILY = "1,2";
			};
			name = Debug;
		};
		809358A2DA2996DDD82873E1 /* Release */ = {
			isa = XCBuildConfiguration;
			buildSettings = {
				BUNDLE_LOADER = "$(TEST_HOST)";
				GENERATE_INFOPLIST_FILE = YES;
				LD_RUNPATH_SEARCH_PATHS = (
					"$(inherited)",
					"@executable_path/Frameworks",
					"@loader_path/Frameworks",
				);
				PRODUCT_BUNDLE_IDENTIFIER = com.anicolao.hunger.uitests;
				SDKROOT = iphoneos;
				TARGETED_DEVICE_FAMILY = "1,2";
				TEST_TARGET_NAME = Hunger;
			};
			name = Release;
		};
		83ABB5C16296C34FF5FA6108 /* Release */ = {
			isa = XCBuildConfiguration;
			buildSettings = {
				ASSETCATALOG_COMPILER_APPICON_NAME = AppIcon;
				CODE_SIGN_IDENTITY = "iPhone Developer";
				CODE_SIGN_STYLE = Automatic;
				DEVELOPMENT_ASSET_PATHS = "";
				GENERATE_INFOPLIST_FILE = YES;
				INFOPLIST_KEY_CFBundleDisplayName = "Learn Your Appetite";
				INFOPLIST_KEY_LSApplicationCategoryType = "public.app-category.healthcare-fitness";
				INFOPLIST_KEY_UIApplicationSceneManifest_Generation = YES;
				INFOPLIST_KEY_UIApplicationSupportsIndirectInputEvents = YES;
				INFOPLIST_KEY_UILaunchScreen_Generation = YES;
				INFOPLIST_KEY_UISupportedInterfaceOrientations_iPad = "UIInterfaceOrientationPortrait UIInterfaceOrientationLandscapeLeft UIInterfaceOrientationLandscapeRight";
				INFOPLIST_KEY_UISupportedInterfaceOrientations_iPhone = UIInterfaceOrientationPortrait;
				LD_RUNPATH_SEARCH_PATHS = (
					"$(inherited)",
					"@executable_path/Frameworks",
				);
				PRODUCT_BUNDLE_IDENTIFIER = com.anicolao.hunger;
				PRODUCT_MODULE_NAME = Hunger;
				PRODUCT_NAME = Hunger;
				SDKROOT = iphoneos;
				TARGETED_DEVICE_FAMILY = "1,2";
			};
			name = Release;
		};
		86AF601F34F854C099504CFC /* Debug */ = {
			isa = XCBuildConfiguration;
			buildSettings = {
				BUNDLE_LOADER = "$(TEST_HOST)";
				GENERATE_INFOPLIST_FILE = YES;
				LD_RUNPATH_SEARCH_PATHS = (
					"$(inherited)",
					"@executable_path/Frameworks",
					"@loader_path/Frameworks",
				);
				PRODUCT_BUNDLE_IDENTIFIER = com.anicolao.hunger.tests;
				SDKROOT = iphoneos;
				TARGETED_DEVICE_FAMILY = "1,2";
				TEST_HOST = "$(BUILT_PRODUCTS_DIR)/Hunger.app/Hunger";
			};
			name = Debug;
		};
		91B9BA792EE58BC77FAD2DCE /* Debug */ = {
			isa = XCBuildConfiguration;
			buildSettings = {
				ALWAYS_SEARCH_USER_PATHS = NO;
				CLANG_ANALYZER_NONNULL = YES;
				CLANG_ANALYZER_NUMBER_OBJECT_CONVERSION = YES_AGGRESSIVE;
				CLANG_CXX_LANGUAGE_STANDARD = "gnu++14";
				CLANG_CXX_LIBRARY = "libc++";
				CLANG_ENABLE_MODULES = YES;
				CLANG_ENABLE_OBJC_ARC = YES;
				CLANG_ENABLE_OBJC_WEAK = YES;
				CLANG_WARN_BLOCK_CAPTURE_AUTORELEASING = YES;
				CLANG_WARN_BOOL_CONVERSION = YES;
				CLANG_WARN_COMMA = YES;
				CLANG_WARN_CONSTANT_CONVERSION = YES;
				CLANG_WARN_DEPRECATED_OBJC_IMPLEMENTATIONS = YES;
				CLANG_WARN_DIRECT_OBJC_ISA_USAGE = YES_ERROR;
				CLANG_WARN_DOCUMENTATION_COMMENTS = YES;
				CLANG_WARN_EMPTY_BODY = YES;
				CLANG_WARN_ENUM_CONVERSION = YES;
				CLANG_WARN_INFINITE_RECURSION = YES;
				CLANG_WARN_INT_CONVERSION = YES;
				CLANG_WARN_NON_LITERAL_NULL_CONVERSION = YES;
				CLANG_WARN_OBJC_IMPLICIT_RETAIN_SELF = YES;
				CLANG_WARN_OBJC_LITERAL_CONVERSION = YES;
				CLANG_WARN_OBJC_ROOT_CLASS = YES_ERROR;
				CLANG_WARN_QUOTED_INCLUDE_IN_FRAMEWORK_HEADER = YES;
				CLANG_WARN_RANGE_LOOP_ANALYSIS = YES;
				CLANG_WARN_STRICT_PROTOTYPES = YES;
				CLANG_WARN_SUSPICIOUS_MOVE = YES;
				CLANG_WARN_UNGUARDED_AVAILABILITY = YES_AGGRESSIVE;
				CLANG_WARN_UNREACHABLE_CODE = YES;
				CLANG_WARN__DUPLICATE_METHOD_MATCH = YES;
				COPY_PHASE_STRIP = NO;
				CURRENT_PROJECT_VERSION = 1;
				DEBUG_INFORMATION_FORMAT = dwarf;
				ENABLE_STRICT_OBJC_MSGSEND = YES;
				ENABLE_TESTABILITY = YES;
				GCC_C_LANGUAGE_STANDARD = gnu11;
				GCC_DYNAMIC_NO_PIC = NO;
				GCC_NO_COMMON_BLOCKS = YES;
				GCC_OPTIMIZATION_LEVEL = 0;
				GCC_PREPROCESSOR_DEFINITIONS = (
					"$(inherited)",
					"DEBUG=1",
				);
				GCC_WARN_64_TO_32_BIT_CONVERSION = YES;
				GCC_WARN_ABOUT_RETURN_TYPE = YES_ERROR;
				GCC_WARN_UNDECLARED_SELECTOR = YES;
				GCC_WARN_UNINITIALIZED_AUTOS = YES_AGGRESSIVE;
				GCC_WARN_UNUSED_FUNCTION = YES;
				GCC_WARN_UNUSED_VARIABLE = YES;
				IPHONEOS_DEPLOYMENT_TARGET = 17.0;
				MARKETING_VERSION = 0.1.0;
				MTL_ENABLE_DEBUG_INFO = INCLUDE_SOURCE;
				MTL_FAST_MATH = YES;
				ONLY_ACTIVE_ARCH = YES;
				PRODUCT_NAME = "$(TARGET_NAME)";
				SDKROOT = iphoneos;
				SWIFT_ACTIVE_COMPILATION_CONDITIONS = DEBUG;
				SWIFT_OPTIMIZATION_LEVEL = "-Onone";
				SWIFT_STRICT_CONCURRENCY = targeted;
				SWIFT_VERSION = 6.0;
				TARGETED_DEVICE_FAMILY = "1,2";
			};
			name = Debug;
		};
		C2C3FA7EBB5D349178305020 /* Release */ = {
			isa = XCBuildConfiguration;
			buildSettings = {
				BUNDLE_LOADER = "$(TEST_HOST)";
				GENERATE_INFOPLIST_FILE = YES;
				LD_RUNPATH_SEARCH_PATHS = (
					"$(inherited)",
					"@executable_path/Frameworks",
					"@loader_path/Frameworks",
				);
				PRODUCT_BUNDLE_IDENTIFIER = com.anicolao.hunger.tests;
				SDKROOT = iphoneos;
				TARGETED_DEVICE_FAMILY = "1,2";
				TEST_HOST = "$(BUILT_PRODUCTS_DIR)/Hunger.app/Hunger";
			};
			name = Release;
		};
/* End XCBuildConfiguration section */

/* Begin XCConfigurationList section */
		4751F1CC851712FCDA93C8EA /* Build configuration list for PBXProject "Hunger" */ = {
			isa = XCConfigurationList;
			buildConfigurations = (
				91B9BA792EE58BC77FAD2DCE /* Debug */,
				49024A3194657C6C87DCCB12 /* Release */,
			);
			defaultConfigurationIsVisible = 0;
			defaultConfigurationName = Debug;
		};
		4F159DA68B166BA97BFCBC40 /* Build configuration list for PBXNativeTarget "HungerTests" */ = {
			isa = XCConfigurationList;
			buildConfigurations = (
				86AF601F34F854C099504CFC /* Debug */,
				C2C3FA7EBB5D349178305020 /* Release */,
			);
			defaultConfigurationIsVisible = 0;
			defaultConfigurationName = Debug;
		};
		5A196CA2348375E492AE84BC /* Build configuration list for PBXNativeTarget "Hunger" */ = {
			isa = XCConfigurationList;
			buildConfigurations = (
				7137360F86BD286C441953BB /* Debug */,
				83ABB5C16296C34FF5FA6108 /* Release */,
			);
			defaultConfigurationIsVisible = 0;
			defaultConfigurationName = Debug;
		};
		CDEA325113FBE82EC2BC91F2 /* Build configuration list for PBXNativeTarget "HungerUITests" */ = {
			isa = XCConfigurationList;
			buildConfigurations = (
				3035F4F33BFDDF030EBCE1EA /* Debug */,
				809358A2DA2996DDD82873E1 /* Release */,
			);
			defaultConfigurationIsVisible = 0;
			defaultConfigurationName = Debug;
		};
/* End XCConfigurationList section */
	};
	rootObject = 9AE16DD0DF1703C17896B4E4 /* Project object */;
}
